
Microsoft Visual Studio Solution File, Format Version 12.00
# Visual Studio Version 17
VisualStudioVersion = 17.7.34221.43
MinimumVisualStudioVersion = 10.0.40219.1
Project("{9A19103F-16F7-4668-BE54-9A1E7A4F7556}") = "FILAapp", "FILAapp.csproj", "{261A81FC-A644-4166-8AB5-65B7C52DEA4E}"
EndProject
Global
	GlobalSection(SolutionConfigurationPlatforms) = preSolution
		Debug|Any CPU = Debug|Any CPU
		Release|Any CPU = Release|Any CPU
	EndGlobalSection
	GlobalSection(ProjectConfigurationPlatforms) = postSolution
		{261A81FC-A644-4166-8AB5-65B7C52DEA4E}.Debug|Any CPU.ActiveCfg = Debug|Any CPU
		{261A81FC-A644-4166-8AB5-65B7C52DEA4E}.Debug|Any CPU.Build.0 = Debug|Any CPU
		{261A81FC-A644-4166-8AB5-65B7C52DEA4E}.Release|Any CPU.ActiveCfg = Release|Any CPU
		{261A81FC-A644-4166-8AB5-65B7C52DEA4E}.Release|Any CPU.Build.0 = Release|Any CPU
	EndGlobalSection
	GlobalSection(SolutionProperties) = preSolution
		HideSolutionNode = FALSE
	EndGlobalSection
	GlobalSection(ExtensibilityGlobals) = postSolution
		SolutionGuid = {6A13EE4C-B884-4BCC-9558-3F77E947F84C}
	EndGlobalSection
EndGlobal
